
Microsoft Visual Studio Solution File, Format Version 12.00
# Visual Studio Version 16
VisualStudioVersion = 16.0.32126.315
MinimumVisualStudioVersion = 10.0.40219.1
Project("{FAE04EC0-301F-11D3-BF4B-00C04F79EFBC}") = "Prog4", "Prog4\Prog4.csproj", "{554A1F13-E851-4DD5-BE0C-DE8DBD61AED1}"
EndProject
Global
	GlobalSection(SolutionConfigurationPlatforms) = preSolution
		Debug|Any CPU = Debug|Any CPU
		Release|Any CPU = Release|Any CPU
	EndGlobalSection
	GlobalSection(ProjectConfigurationPlatforms) = postSolution
		{554A1F13-E851-4DD5-BE0C-DE8DBD61AED1}.Debug|Any CPU.ActiveCfg = Debug|Any CPU
		{554A1F13-E851-4DD5-BE0C-DE8DBD61AED1}.Debug|Any CPU.Build.0 = Debug|Any CPU
		{554A1F13-E851-4DD5-BE0C-DE8DBD61AED1}.Release|Any CPU.ActiveCfg = Release|Any CPU
		{554A1F13-E851-4DD5-BE0C-DE8DBD61AED1}.Release|Any CPU.Build.0 = Release|Any CPU
	EndGlobalSection
	GlobalSection(SolutionProperties) = preSolution
		HideSolutionNode = FALSE
	EndGlobalSection
	GlobalSection(ExtensibilityGlobals) = postSolution
		SolutionGuid = {54CB6A98-80D8-4542-B95C-BE106C061B8F}
	EndGlobalSection
EndGlobal
